
Microsoft Visual Studio Solution File, Format Version 12.00
# Visual Studio Version 17
VisualStudioVersion = 17.0.31903.59
MinimumVisualStudioVersion = 10.0.40219.1
Project("{2150E333-8FDC-42A3-9474-1A3956D46DE8}") = "src", "src", "{827E0CD3-B72D-47B6-A68D-7590B98EB39B}"
EndProject
Project("{2150E333-8FDC-42A3-9474-1A3956D46DE8}") = "Domain", "Domain", "{8B290487-4C16-E85E-E807-F579CBE9FC4D}"
EndProject
Project("{FAE04EC0-301F-11D3-BF4B-00C04F79EFBC}") = "WebhookDelivery.Domain", "src\Domain\WebhookDelivery.Domain.csproj", "{1485C10F-6236-4594-9FCF-6D6479010CEA}"
EndProject
Project("{2150E333-8FDC-42A3-9474-1A3956D46DE8}") = "Application", "Application", "{22BAF98C-8415-17C4-B26A-D537657BC863}"
EndProject
Project("{FAE04EC0-301F-11D3-BF4B-00C04F79EFBC}") = "WebhookDelivery.Application", "src\Application\WebhookDelivery.Application.csproj", "{55C9803E-3904-4439-9021-9C4301350DF5}"
EndProject
Project("{2150E333-8FDC-42A3-9474-1A3956D46DE8}") = "Infrastructure", "Infrastructure", "{9048EB7F-3875-A59E-E36B-5BD4C6F2A282}"
EndProject
Project("{FAE04EC0-301F-11D3-BF4B-00C04F79EFBC}") = "WebhookDelivery.Infrastructure", "src\Infrastructure\WebhookDelivery.Infrastructure.csproj", "{20191869-3CAE-45C5-9AF7-C8EBEE2E8043}"
EndProject
Project("{2150E333-8FDC-42A3-9474-1A3956D46DE8}") = "Api", "Api", "{81034408-37C8-1011-444E-4C15C2FADA8E}"
EndProject
Project("{FAE04EC0-301F-11D3-BF4B-00C04F79EFBC}") = "WebhookDelivery.Api", "src\Api\WebhookDelivery.Api.csproj", "{8D2C42D9-EB0A-4803-BA4B-21DB1378FBA2}"
EndProject
Project("{2150E333-8FDC-42A3-9474-1A3956D46DE8}") = "Worker", "Worker", "{89BA21D6-604E-9DA1-5F6C-9062FD58212E}"
EndProject
Project("{FAE04EC0-301F-11D3-BF4B-00C04F79EFBC}") = "WebhookDelivery.Worker", "src\Worker\WebhookDelivery.Worker.csproj", "{E200DAB4-CCDD-479C-9BB1-163419827832}"
EndProject
Project("{2150E333-8FDC-42A3-9474-1A3956D46DE8}") = "tests", "tests", "{0AB3BF05-4346-4AA6-1389-037BE0695223}"
EndProject
Project("{2150E333-8FDC-42A3-9474-1A3956D46DE8}") = "UnitTests", "UnitTests", "{394A81D9-3C45-9818-BB26-23F2B85056FF}"
EndProject
Project("{FAE04EC0-301F-11D3-BF4B-00C04F79EFBC}") = "WebhookDelivery.UnitTests", "tests\UnitTests\WebhookDelivery.UnitTests.csproj", "{650880BA-2789-4F07-B676-9AD7C3E448EC}"
EndProject
Project("{2150E333-8FDC-42A3-9474-1A3956D46DE8}") = "IntegrationTests", "IntegrationTests", "{30785934-E017-5D9F-2777-3D61460A5281}"
EndProject
Project("{FAE04EC0-301F-11D3-BF4B-00C04F79EFBC}") = "WebhookDelivery.IntegrationTests", "tests\IntegrationTests\WebhookDelivery.IntegrationTests.csproj", "{3FF016E1-3366-41DF-B3B8-3A0AAD54B0D4}"
EndProject
Global
	GlobalSection(SolutionConfigurationPlatforms) = preSolution
		Debug|Any CPU = Debug|Any CPU
		Debug|x64 = Debug|x64
		Debug|x86 = Debug|x86
		Release|Any CPU = Release|Any CPU
		Release|x64 = Release|x64
		Release|x86 = Release|x86
	EndGlobalSection
	GlobalSection(ProjectConfigurationPlatforms) = postSolution
		{1485C10F-6236-4594-9FCF-6D6479010CEA}.Debug|Any CPU.ActiveCfg = Debug|Any CPU
		{1485C10F-6236-4594-9FCF-6D6479010CEA}.Debug|Any CPU.Build.0 = Debug|Any CPU
		{1485C10F-6236-4594-9FCF-6D6479010CEA}.Debug|x64.ActiveCfg = Debug|Any CPU
		{1485C10F-6236-4594-9FCF-6D6479010CEA}.Debug|x64.Build.0 = Debug|Any CPU
		{1485C10F-6236-4594-9FCF-6D6479010CEA}.Debug|x86.ActiveCfg = Debug|Any CPU
		{1485C10F-6236-4594-9FCF-6D6479010CEA}.Debug|x86.Build.0 = Debug|Any CPU
		{1485C10F-6236-4594-9FCF-6D6479010CEA}.Release|Any CPU.ActiveCfg = Release|Any CPU
		{1485C10F-6236-4594-9FCF-6D6479010CEA}.Release|Any CPU.Build.0 = Release|Any CPU
		{1485C10F-6236-4594-9FCF-6D6479010CEA}.Release|x64.ActiveCfg = Release|Any CPU
		{1485C10F-6236-4594-9FCF-6D6479010CEA}.Release|x64.Build.0 = Release|Any CPU
		{1485C10F-6236-4594-9FCF-6D6479010CEA}.Release|x86.ActiveCfg = Release|Any CPU
		{1485C10F-6236-4594-9FCF-6D6479010CEA}.Release|x86.Build.0 = Release|Any CPU
		{55C9803E-3904-4439-9021-9C4301350DF5}.Debug|Any CPU.ActiveCfg = Debug|Any CPU
		{55C9803E-3904-4439-9021-9C4301350DF5}.Debug|Any CPU.Build.0 = Debug|Any CPU
		{55C9803E-3904-4439-9021-9C4301350DF5}.Debug|x64.ActiveCfg = Debug|Any CPU
		{55C9803E-3904-4439-9021-9C4301350DF5}.Debug|x64.Build.0 = Debug|Any CPU
		{55C9803E-3904-4439-9021-9C4301350DF5}.Debug|x86.ActiveCfg = Debug|Any CPU
		{55C9803E-3904-4439-9021-9C4301350DF5}.Debug|x86.Build.0 = Debug|Any CPU
		{55C9803E-3904-4439-9021-9C4301350DF5}.Release|Any CPU.ActiveCfg = Release|Any CPU
		{55C9803E-3904-4439-9021-9C4301350DF5}.Release|Any CPU.Build.0 = Release|Any CPU
		{55C9803E-3904-4439-9021-9C4301350DF5}.Release|x64.ActiveCfg = Release|Any CPU
		{55C9803E-3904-4439-9021-9C4301350DF5}.Release|x64.Build.0 = Release|Any CPU
		{55C9803E-3904-4439-9021-9C4301350DF5}.Release|x86.ActiveCfg = Release|Any CPU
		{55C9803E-3904-4439-9021-9C4301350DF5}.Release|x86.Build.0 = Release|Any CPU
		{20191869-3CAE-45C5-9AF7-C8EBEE2E8043}.Debug|Any CPU.ActiveCfg = Debug|Any CPU
		{20191869-3CAE-45C5-9AF7-C8EBEE2E8043}.Debug|Any CPU.Build.0 = Debug|Any CPU
		{20191869-3CAE-45C5-9AF7-C8EBEE2E8043}.Debug|x64.ActiveCfg = Debug|Any CPU
		{20191869-3CAE-45C5-9AF7-C8EBEE2E8043}.Debug|x64.Build.0 = Debug|Any CPU
		{20191869-3CAE-45C5-9AF7-C8EBEE2E8043}.Debug|x86.ActiveCfg = Debug|Any CPU
		{20191869-3CAE-45C5-9AF7-C8EBEE2E8043}.Debug|x86.Build.0 = Debug|Any CPU
		{20191869-3CAE-45C5-9AF7-C8EBEE2E8043}.Release|Any CPU.ActiveCfg = Release|Any CPU
		{20191869-3CAE-45C5-9AF7-C8EBEE2E8043}.Release|Any CPU.Build.0 = Release|Any CPU
		{20191869-3CAE-45C5-9AF7-C8EBEE2E8043}.Release|x64.ActiveCfg = Release|Any CPU
		{20191869-3CAE-45C5-9AF7-C8EBEE2E8043}.Release|x64.Build.0 = Release|Any CPU
		{20191869-3CAE-45C5-9AF7-C8EBEE2E8043}.Release|x86.ActiveCfg = Release|Any CPU
		{20191869-3CAE-45C5-9AF7-C8EBEE2E8043}.Release|x86.Build.0 = Release|Any CPU
		{8D2C42D9-EB0A-4803-BA4B-21DB1378FBA2}.Debug|Any CPU.ActiveCfg = Debug|Any CPU
		{8D2C42D9-EB0A-4803-BA4B-21DB1378FBA2}.Debug|Any CPU.Build.0 = Debug|Any CPU
		{8D2C42D9-EB0A-4803-BA4B-21DB1378FBA2}.Debug|x64.ActiveCfg = Debug|Any CPU
		{8D2C42D9-EB0A-4803-BA4B-21DB1378FBA2}.Debug|x64.Build.0 = Debug|Any CPU
		{8D2C42D9-EB0A-4803-BA4B-21DB1378FBA2}.Debug|x86.ActiveCfg = Debug|Any CPU
		{8D2C42D9-EB0A-4803-BA4B-21DB1378FBA2}.Debug|x86.Build.0 = Debug|Any CPU
		{8D2C42D9-EB0A-4803-BA4B-21DB1378FBA2}.Release|Any CPU.ActiveCfg = Release|Any CPU
		{8D2C42D9-EB0A-4803-BA4B-21DB1378FBA2}.Release|Any CPU.Build.0 = Release|Any CPU
		{8D2C42D9-EB0A-4803-BA4B-21DB1378FBA2}.Release|x64.ActiveCfg = Release|Any CPU
		{8D2C42D9-EB0A-4803-BA4B-21DB1378FBA2}.Release|x64.Build.0 = Release|Any CPU
		{8D2C42D9-EB0A-4803-BA4B-21DB1378FBA2}.Release|x86.ActiveCfg = Release|Any CPU
		{8D2C42D9-EB0A-4803-BA4B-21DB1378FBA2}.Release|x86.Build.0 = Release|Any CPU
		{E200DAB4-CCDD-479C-9BB1-163419827832}.Debug|Any CPU.ActiveCfg = Debug|Any CPU
		{E200DAB4-CCDD-479C-9BB1-163419827832}.Debug|Any CPU.Build.0 = Debug|Any CPU
		{E200DAB4-CCDD-479C-9BB1-163419827832}.Debug|x64.ActiveCfg = Debug|Any CPU
		{E200DAB4-CCDD-479C-9BB1-163419827832}.Debug|x64.Build.0 = Debug|Any CPU
		{E200DAB4-CCDD-479C-9BB1-163419827832}.Debug|x86.ActiveCfg = Debug|Any CPU
		{E200DAB4-CCDD-479C-9BB1-163419827832}.Debug|x86.Build.0 = Debug|Any CPU
		{E200DAB4-CCDD-479C-9BB1-163419827832}.Release|Any CPU.ActiveCfg = Release|Any CPU
		{E200DAB4-CCDD-479C-9BB1-163419827832}.Release|Any CPU.Build.0 = Release|Any CPU
		{E200DAB4-CCDD-479C-9BB1-163419827832}.Release|x64.ActiveCfg = Release|Any CPU
		{E200DAB4-CCDD-479C-9BB1-163419827832}.Release|x64.Build.0 = Release|Any CPU
		{E200DAB4-CCDD-479C-9BB1-163419827832}.Release|x86.ActiveCfg = Release|Any CPU
		{E200DAB4-CCDD-479C-9BB1-163419827832}.Release|x86.Build.0 = Release|Any CPU
		{650880BA-2789-4F07-B676-9AD7C3E448EC}.Debug|Any CPU.ActiveCfg = Debug|Any CPU
		{650880BA-2789-4F07-B676-9AD7C3E448EC}.Debug|Any CPU.Build.0 = Debug|Any CPU
		{650880BA-2789-4F07-B676-9AD7C3E448EC}.Debug|x64.ActiveCfg = Debug|Any CPU
		{650880BA-2789-4F07-B676-9AD7C3E448EC}.Debug|x64.Build.0 = Debug|Any CPU
		{650880BA-2789-4F07-B676-9AD7C3E448EC}.Debug|x86.ActiveCfg = Debug|Any CPU
		{650880BA-2789-4F07-B676-9AD7C3E448EC}.Debug|x86.Build.0 = Debug|Any CPU
		{650880BA-2789-4F07-B676-9AD7C3E448EC}.Release|Any CPU.ActiveCfg = Release|Any CPU
		{650880BA-2789-4F07-B676-9AD7C3E448EC}.Release|Any CPU.Build.0 = Release|Any CPU
		{650880BA-2789-4F07-B676-9AD7C3E448EC}.Release|x64.ActiveCfg = Release|Any CPU
		{650880BA-2789-4F07-B676-9AD7C3E448EC}.Release|x64.Build.0 = Release|Any CPU
		{650880BA-2789-4F07-B676-9AD7C3E448EC}.Release|x86.ActiveCfg = Release|Any CPU
		{650880BA-2789-4F07-B676-9AD7C3E448EC}.Release|x86.Build.0 = Release|Any CPU
		{3FF016E1-3366-41DF-B3B8-3A0AAD54B0D4}.Debug|Any CPU.ActiveCfg = Debug|Any CPU
		{3FF016E1-3366-41DF-B3B8-3A0AAD54B0D4}.Debug|Any CPU.Build.0 = Debug|Any CPU
		{3FF016E1-3366-41DF-B3B8-3A0AAD54B0D4}.Debug|x64.ActiveCfg = Debug|Any CPU
		{3FF016E1-3366-41DF-B3B8-3A0AAD54B0D4}.Debug|x64.Build.0 = Debug|Any CPU
		{3FF016E1-3366-41DF-B3B8-3A0AAD54B0D4}.Debug|x86.ActiveCfg = Debug|Any CPU
		{3FF016E1-3366-41DF-B3B8-3A0AAD54B0D4}.Debug|x86.Build.0 = Debug|Any CPU
		{3FF016E1-3366-41DF-B3B8-3A0AAD54B0D4}.Release|Any CPU.ActiveCfg = Release|Any CPU
		{3FF016E1-3366-41DF-B3B8-3A0AAD54B0D4}.Release|Any CPU.Build.0 = Release|Any CPU
		{3FF016E1-3366-41DF-B3B8-3A0AAD54B0D4}.Release|x64.ActiveCfg = Release|Any CPU
		{3FF016E1-3366-41DF-B3B8-3A0AAD54B0D4}.Release|x64.Build.0 = Release|Any CPU
		{3FF016E1-3366-41DF-B3B8-3A0AAD54B0D4}.Release|x86.ActiveCfg = Release|Any CPU
		{3FF016E1-3366-41DF-B3B8-3A0AAD54B0D4}.Release|x86.Build.0 = Release|Any CPU
	EndGlobalSection
	GlobalSection(SolutionProperties) = preSolution
		HideSolutionNode = FALSE
	EndGlobalSection
	GlobalSection(NestedProjects) = preSolution
		{8B290487-4C16-E85E-E807-F579CBE9FC4D} = {827E0CD3-B72D-47B6-A68D-7590B98EB39B}
		{1485C10F-6236-4594-9FCF-6D6479010CEA} = {8B290487-4C16-E85E-E807-F579CBE9FC4D}
		{22BAF98C-8415-17C4-B26A-D537657BC863} = {827E0CD3-B72D-47B6-A68D-7590B98EB39B}
		{55C9803E-3904-4439-9021-9C4301350DF5} = {22BAF98C-8415-17C4-B26A-D537657BC863}
		{9048EB7F-3875-A59E-E36B-5BD4C6F2A282} = {827E0CD3-B72D-47B6-A68D-7590B98EB39B}
		{20191869-3CAE-45C5-9AF7-C8EBEE2E8043} = {9048EB7F-3875-A59E-E36B-5BD4C6F2A282}
		{81034408-37C8-1011-444E-4C15C2FADA8E} = {827E0CD3-B72D-47B6-A68D-7590B98EB39B}
		{8D2C42D9-EB0A-4803-BA4B-21DB1378FBA2} = {81034408-37C8-1011-444E-4C15C2FADA8E}
		{89BA21D6-604E-9DA1-5F6C-9062FD58212E} = {827E0CD3-B72D-47B6-A68D-7590B98EB39B}
		{E200DAB4-CCDD-479C-9BB1-163419827832} = {89BA21D6-604E-9DA1-5F6C-9062FD58212E}
		{394A81D9-3C45-9818-BB26-23F2B85056FF} = {0AB3BF05-4346-4AA6-1389-037BE0695223}
		{650880BA-2789-4F07-B676-9AD7C3E448EC} = {394A81D9-3C45-9818-BB26-23F2B85056FF}
		{30785934-E017-5D9F-2777-3D61460A5281} = {0AB3BF05-4346-4AA6-1389-037BE0695223}
		{3FF016E1-3366-41DF-B3B8-3A0AAD54B0D4} = {30785934-E017-5D9F-2777-3D61460A5281}
	EndGlobalSection
EndGlobal
